
Microsoft Visual Studio Solution File, Format Version 12.00
# Visual Studio Version 16
VisualStudioVersion = 16.0.30406.217
MinimumVisualStudioVersion = 10.0.40219.1
Project("{FAE04EC0-301F-11D3-BF4B-00C04F79EFBC}") = "uri1010", "uri1010\uri1010.csproj", "{AA1B333B-43AC-42D4-B0B9-983171430ADB}"
EndProject
Global
	GlobalSection(SolutionConfigurationPlatforms) = preSolution
		Debug|Any CPU = Debug|Any CPU
		Release|Any CPU = Release|Any CPU
	EndGlobalSection
	GlobalSection(ProjectConfigurationPlatforms) = postSolution
		{AA1B333B-43AC-42D4-B0B9-983171430ADB}.Debug|Any CPU.ActiveCfg = Debug|Any CPU
		{AA1B333B-43AC-42D4-B0B9-983171430ADB}.Debug|Any CPU.Build.0 = Debug|Any CPU
		{AA1B333B-43AC-42D4-B0B9-983171430ADB}.Release|Any CPU.ActiveCfg = Release|Any CPU
		{AA1B333B-43AC-42D4-B0B9-983171430ADB}.Release|Any CPU.Build.0 = Release|Any CPU
	EndGlobalSection
	GlobalSection(SolutionProperties) = preSolution
		HideSolutionNode = FALSE
	EndGlobalSection
	GlobalSection(ExtensibilityGlobals) = postSolution
		SolutionGuid = {CB5B9460-B06F-462A-9B0A-504DBD21A060}
	EndGlobalSection
EndGlobal
