
Microsoft Visual Studio Solution File, Format Version 12.00
# Visual Studio Version 16
VisualStudioVersion = 16.0.30413.136
MinimumVisualStudioVersion = 10.0.40219.1
Project("{FAE04EC0-301F-11D3-BF4B-00C04F79EFBC}") = "uri1006", "uri1006\uri1006.csproj", "{2772847D-1F0F-491C-BEAB-8E73E4649D3D}"
EndProject
Global
	GlobalSection(SolutionConfigurationPlatforms) = preSolution
		Debug|Any CPU = Debug|Any CPU
		Release|Any CPU = Release|Any CPU
	EndGlobalSection
	GlobalSection(ProjectConfigurationPlatforms) = postSolution
		{2772847D-1F0F-491C-BEAB-8E73E4649D3D}.Debug|Any CPU.ActiveCfg = Debug|Any CPU
		{2772847D-1F0F-491C-BEAB-8E73E4649D3D}.Debug|Any CPU.Build.0 = Debug|Any CPU
		{2772847D-1F0F-491C-BEAB-8E73E4649D3D}.Release|Any CPU.ActiveCfg = Release|Any CPU
		{2772847D-1F0F-491C-BEAB-8E73E4649D3D}.Release|Any CPU.Build.0 = Release|Any CPU
	EndGlobalSection
	GlobalSection(SolutionProperties) = preSolution
		HideSolutionNode = FALSE
	EndGlobalSection
	GlobalSection(ExtensibilityGlobals) = postSolution
		SolutionGuid = {5D96D5B8-B803-4435-B4C5-AE6089626E61}
	EndGlobalSection
EndGlobal
